<?xml version="1.0" encoding="utf-8"?>
<Project ToolsVersion="4.0" xmlns="http://schemas.microsoft.com/developer/msbuild/2003">
  <ItemGroup>
    <Filter Include="Source Files">
      <UniqueIdentifier>{4FC737F1-C7A5-4376-A066-2A32D752A2FF}</UniqueIdentifier>
      <Extensions>cpp;c;cc;cxx;def;odl;idl;hpj;bat;asm;asmx</Extensions>
    </Filter>
    <Filter Include="Header Files">
      <UniqueIdentifier>{93995380-89BD-4b04-88EB-625FBE52EBFB}</UniqueIdentifier>
      <Extensions>h;hh;hpp;hxx;hm;inl;inc;ipp;xsd</Extensions>
    </Filter>
    <Filter Include="Resource Files">
      <UniqueIdentifier>{67DA6AB6-F800-4c08-8B7A-83BB121AAD01}</UniqueIdentifier>
      <Extensions>rc;ico;cur;bmp;dlg;rc2;rct;bin;rgs;gif;jpg;jpeg;jpe;resx;tiff;tif;png;wav;mfcribbon-ms</Extensions>
    </Filter>
    <Filter Include="Header Files\render">
      <UniqueIdentifier>{2041c897-d96b-489e-8b6e-e4e4f1db01ae}</UniqueIdentifier>
    </Filter>
    <Filter Include="Header Files\core">
      <UniqueIdentifier>{81e44249-65f0-4414-a998-895318d5bd6b}</UniqueIdentifier>
    </Filter>
    <Filter Include="Header Files\data">
      <UniqueIdentifier>{0d70bfd9-d9d5-4e4a-9ab9-0d4a576f4ebd}</UniqueIdentifier>
    </Filter>
    <Filter Include="Header Files\components">
      <UniqueIdentifier>{1d5a41bc-e291-47a3-9f90-81998df7698d}</UniqueIdentifier>
    </Filter>
    <Filter Include="Header Files\behaviors">
      <UniqueIdentifier>{c2901242-dbbf-40cf-96d6-4bb2289bb57a}</UniqueIdentifier>
    </Filter>
  </ItemGroup>
  <ItemGroup>
    <ClInclude Include="Renderable.h">
      <Filter>Header Files\render</Filter>
    </ClInclude>
    <ClInclude Include="RenderComponent.h">
      <Filter>Header Files\render</Filter>
    </ClInclude>
    <ClInclude Include="TaskManager.h">
      <Filter>Header Files\core</Filter>
    </ClInclude>
    <ClInclude Include="SyncTask.h">
      <Filter>Header Files\core</Filter>
    </ClInclude>
    <ClInclude Include="Synchronizer.h">
      <Filter>Header Files\core</Filter>
    </ClInclude>
    <ClInclude Include="Console.h">
      <Filter>Header Files\core</Filter>
    </ClInclude>
    <ClInclude Include="Canvas.h">
      <Filter>Header Files\core</Filter>
    </ClInclude>
    <ClInclude Include="Application.h">
      <Filter>Header Files\core</Filter>
    </ClInclude>
    <ClInclude Include="List.h">
      <Filter>Header Files\data</Filter>
    </ClInclude>
    <ClInclude Include="Vertex.h">
      <Filter>Header Files\render</Filter>
    </ClInclude>
    <ClInclude Include="Shader.h">
      <Filter>Header Files\render</Filter>
    </ClInclude>
    <ClInclude Include="Texture.h">
      <Filter>Header Files\render</Filter>
    </ClInclude>
    <ClInclude Include="Image.h">
      <Filter>Header Files\render</Filter>
    </ClInclude>
    <ClInclude Include="OGLObject.h">
      <Filter>Header Files\data</Filter>
    </ClInclude>
    <ClInclude Include="ShaderAttrib.h">
      <Filter>Header Files\data</Filter>
    </ClInclude>
    <ClInclude Include="ShaderUniform.h">
      <Filter>Header Files\data</Filter>
    </ClInclude>
    <ClInclude Include="MeshComponent.h">
      <Filter>Header Files\components</Filter>
    </ClInclude>
    <ClInclude Include="ShaderComponent.h">
      <Filter>Header Files\components</Filter>
    </ClInclude>
    <ClInclude Include="Component.h">
      <Filter>Header Files\components</Filter>
    </ClInclude>
    <ClInclude Include="GameObject.h">
      <Filter>Header Files\data</Filter>
    </ClInclude>
    <ClInclude Include="TextureComponent.h">
      <Filter>Header Files\components</Filter>
    </ClInclude>
    <ClInclude Include="ComponentStack.h">
      <Filter>Header Files\data</Filter>
    </ClInclude>
    <ClInclude Include="BehaviorComponent.h">
      <Filter>Header Files\components</Filter>
    </ClInclude>
    <ClInclude Include="ObjectBehaviorExample.h">
      <Filter>Header Files</Filter>
    </ClInclude>
    <ClInclude Include="Transform.h">
      <Filter>Header Files\data</Filter>
    </ClInclude>
    <ClInclude Include="Loader.h">
      <Filter>Header Files\data</Filter>
    </ClInclude>
    <ClInclude Include="Instance.h">
      <Filter>Header Files\core</Filter>
    </ClInclude>
    <ClInclude Include="Camera.h">
      <Filter>Header Files\core</Filter>
    </ClInclude>
    <ClInclude Include="Input.h">
      <Filter>Header Files\core</Filter>
    </ClInclude>
    <ClInclude Include="FlyingCameraBehavior.h">
      <Filter>Header Files\behaviors</Filter>
    </ClInclude>
    <ClInclude Include="ListNode.h">
      <Filter>Header Files\data</Filter>
    </ClInclude>
  </ItemGroup>
  <ItemGroup>
    <ClCompile Include="Application.cpp">
      <Filter>Source Files</Filter>
    </ClCompile>
    <ClCompile Include="Canvas.cpp">
      <Filter>Source Files</Filter>
    </ClCompile>
    <ClCompile Include="Console.cpp">
      <Filter>Source Files</Filter>
    </ClCompile>
    <ClCompile Include="List.cpp">
      <Filter>Source Files</Filter>
    </ClCompile>
    <ClCompile Include="Renderable.cpp">
      <Filter>Source Files</Filter>
    </ClCompile>
    <ClCompile Include="RenderComponent.cpp">
      <Filter>Source Files</Filter>
    </ClCompile>
    <ClCompile Include="Synchronizer.cpp">
      <Filter>Source Files</Filter>
    </ClCompile>
    <ClCompile Include="SyncTask.cpp">
      <Filter>Source Files</Filter>
    </ClCompile>
    <ClCompile Include="TaskManager.cpp">
      <Filter>Source Files</Filter>
    </ClCompile>
    <ClCompile Include="Vertex.cpp">
      <Filter>Source Files</Filter>
    </ClCompile>
    <ClCompile Include="Shader.cpp">
      <Filter>Source Files</Filter>
    </ClCompile>
    <ClCompile Include="Texture.cpp">
      <Filter>Source Files</Filter>
    </ClCompile>
    <ClCompile Include="stb_image.cpp">
      <Filter>Source Files</Filter>
    </ClCompile>
    <ClCompile Include="Image.cpp">
      <Filter>Source Files</Filter>
    </ClCompile>
    <ClCompile Include="OGLObject.cpp">
      <Filter>Source Files</Filter>
    </ClCompile>
    <ClCompile Include="ShaderAttrib.cpp">
      <Filter>Source Files</Filter>
    </ClCompile>
    <ClCompile Include="ShaderUniform.cpp">
      <Filter>Source Files</Filter>
    </ClCompile>
    <ClCompile Include="Component.cpp">
      <Filter>Source Files</Filter>
    </ClCompile>
    <ClCompile Include="GameObject.cpp">
      <Filter>Source Files</Filter>
    </ClCompile>
    <ClCompile Include="ShaderComponent.cpp">
      <Filter>Source Files</Filter>
    </ClCompile>
    <ClCompile Include="MeshComponent.cpp">
      <Filter>Source Files</Filter>
    </ClCompile>
    <ClCompile Include="TextureComponent.cpp">
      <Filter>Source Files</Filter>
    </ClCompile>
    <ClCompile Include="ComponentStack.cpp">
      <Filter>Source Files</Filter>
    </ClCompile>
    <ClCompile Include="BehaviorComponent.cpp">
      <Filter>Source Files</Filter>
    </ClCompile>
    <ClCompile Include="ObjectBehaviorExample.cpp">
      <Filter>Source Files</Filter>
    </ClCompile>
    <ClCompile Include="Transform.cpp">
      <Filter>Source Files</Filter>
    </ClCompile>
    <ClCompile Include="Loader.cpp">
      <Filter>Source Files</Filter>
    </ClCompile>
    <ClCompile Include="Instance.cpp">
      <Filter>Source Files</Filter>
    </ClCompile>
    <ClCompile Include="Camera.cpp">
      <Filter>Source Files</Filter>
    </ClCompile>
    <ClCompile Include="Input.cpp">
      <Filter>Source Files</Filter>
    </ClCompile>
    <ClCompile Include="FlyingCameraBehavior.cpp">
      <Filter>Source Files</Filter>
    </ClCompile>
    <ClCompile Include="ListNode.cpp">
      <Filter>Source Files</Filter>
    </ClCompile>
  </ItemGroup>
</Project>